
Microsoft Visual Studio Solution File, Format Version 12.00
# Visual Studio Version 16
VisualStudioVersion = 16.0.29418.71
MinimumVisualStudioVersion = 10.0.40219.1
Project("{FAE04EC0-301F-11D3-BF4B-00C04F79EFBC}") = "CodeKata", "CodeKata\CodeKata.csproj", "{0B78625B-2552-4486-BD5D-890739696DEF}"
EndProject
Project("{FAE04EC0-301F-11D3-BF4B-00C04F79EFBC}") = "SpeakerMeet.API", "SpeakerMeet.API\SpeakerMeet.API.csproj", "{21643925-CA04-4AF8-844D-0B440DB6D4AC}"
EndProject
Global
	GlobalSection(SolutionConfigurationPlatforms) = preSolution
		Debug|Any CPU = Debug|Any CPU
		Release|Any CPU = Release|Any CPU
	EndGlobalSection
	GlobalSection(ProjectConfigurationPlatforms) = postSolution
		{0B78625B-2552-4486-BD5D-890739696DEF}.Debug|Any CPU.ActiveCfg = Debug|Any CPU
		{0B78625B-2552-4486-BD5D-890739696DEF}.Debug|Any CPU.Build.0 = Debug|Any CPU
		{0B78625B-2552-4486-BD5D-890739696DEF}.Release|Any CPU.ActiveCfg = Release|Any CPU
		{0B78625B-2552-4486-BD5D-890739696DEF}.Release|Any CPU.Build.0 = Release|Any CPU
		{21643925-CA04-4AF8-844D-0B440DB6D4AC}.Debug|Any CPU.ActiveCfg = Debug|Any CPU
		{21643925-CA04-4AF8-844D-0B440DB6D4AC}.Debug|Any CPU.Build.0 = Debug|Any CPU
		{21643925-CA04-4AF8-844D-0B440DB6D4AC}.Release|Any CPU.ActiveCfg = Release|Any CPU
		{21643925-CA04-4AF8-844D-0B440DB6D4AC}.Release|Any CPU.Build.0 = Release|Any CPU
	EndGlobalSection
	GlobalSection(SolutionProperties) = preSolution
		HideSolutionNode = FALSE
	EndGlobalSection
	GlobalSection(ExtensibilityGlobals) = postSolution
		SolutionGuid = {AE94D065-3385-4A20-B2BB-95AFDCC7B1F9}
	EndGlobalSection
EndGlobal
